
Microsoft Visual Studio Solution File, Format Version 12.00
# Visual Studio Version 17
VisualStudioVersion = 17.4.33110.190
MinimumVisualStudioVersion = 10.0.40219.1
Project("{9A19103F-16F7-4668-BE54-9A1E7A4F7556}") = "LoanCalculator", "LoanCalculator.csproj", "{960E477A-F9F8-4536-B7FE-576E00D10419}"
EndProject
Global
	GlobalSection(SolutionConfigurationPlatforms) = preSolution
		Debug|Any CPU = Debug|Any CPU
		Release|Any CPU = Release|Any CPU
	EndGlobalSection
	GlobalSection(ProjectConfigurationPlatforms) = postSolution
		{960E477A-F9F8-4536-B7FE-576E00D10419}.Debug|Any CPU.ActiveCfg = Debug|Any CPU
		{960E477A-F9F8-4536-B7FE-576E00D10419}.Debug|Any CPU.Build.0 = Debug|Any CPU
		{960E477A-F9F8-4536-B7FE-576E00D10419}.Release|Any CPU.ActiveCfg = Release|Any CPU
		{960E477A-F9F8-4536-B7FE-576E00D10419}.Release|Any CPU.Build.0 = Release|Any CPU
	EndGlobalSection
	GlobalSection(SolutionProperties) = preSolution
		HideSolutionNode = FALSE
	EndGlobalSection
	GlobalSection(ExtensibilityGlobals) = postSolution
		SolutionGuid = {2CBD5F5B-735D-493D-9424-64FB9043ECE5}
	EndGlobalSection
EndGlobal
